{
  "version": 4,
  "terraform_version": "1.4.6",
  "serial": 2,
  "lineage": "27b20364-4d43-91a7-b3d3-4ce4f4e3615d",
  "outputs": {
    "image_out": {
      "value": "sha256:1af68eb29a99fd3216d6f5d00170858a1635dfe4296894b70ccfefc01ad90f36",
      "type": "string"
    }
  },
  "resources": [
    {
      "mode": "managed",
      "type": "docker_image",
      "name": "nodered_image",
      "provider": "provider[\"registry.terraform.io/kreuzwerker/docker\"]",
      "instances": [
        {
          "schema_version": 0,
          "attributes": {
            "build": [],
            "force_remove": null,
            "id": "sha256:1af68eb29a99fd3216d6f5d00170858a1635dfe4296894b70ccfefc01ad90f36nodered/node-red:latest",
            "image_id": "sha256:1af68eb29a99fd3216d6f5d00170858a1635dfe4296894b70ccfefc01ad90f36",
            "keep_locally": null,
            "name": "nodered/node-red:latest",
            "platform": null,
            "pull_triggers": null,
            "repo_digest": "nodered/node-red@sha256:c2f2c732ab2b6f7237c3c88f941864e847fa64a53cbc6a608d156f306c7ef48b",
            "triggers": null
          },
          "sensitive_attributes": [],
          "private": "bnVsbA=="
        }
      ]
    }
  ],
  "check_results": null
}
